{
  "name": "Suisse Notes",
  "version": "3.7.38",
  "lockfileVersion": 3,
  "requires": true,
  "packages": {
    "": {
      "name": "Suisse Notes",
      "version": "3.7.38",
      "dependencies": {
        "@capacitor/android": "^6.0.0",
        "@capacitor/app": "^6.0.3",
        "@capacitor/browser": "^6.0.6",
        "@capacitor/device": "^6.0.3",
        "@capacitor/filesystem": "^6.0.4",
        "@capacitor/ios": "^6.0.0",
        "@capacitor/network": "^6.0.4",
        "@capacitor/preferences": "^6.0.4",
        "@capacitor/status-bar": "^6.0.3",
        "@sentry/capacitor": "^2.4.1"
      }
    },
    "node_modules/@capacitor/android": {
      "version": "6.2.1",
      "resolved": "https://registry.npmjs.org/@capacitor/android/-/android-6.2.1.tgz",
      "integrity": "sha512-8gd4CIiQO5LAIlPIfd5mCuodBRxMMdZZEdj8qG8m+dQ1sQ2xyemVpzHmRK8qSCHorsBUCg3D62j2cp6bEBAkdw==",
      "license": "MIT",
      "peerDependencies": {
        "@capacitor/core": "^6.2.0"
      }
    },
    "node_modules/@capacitor/app": {
      "version": "6.0.3",
      "resolved": "https://registry.npmjs.org/@capacitor/app/-/app-6.0.3.tgz",
      "integrity": "sha512-4gFUCbcVz0N/YYN32OBFerocWXslIv3Nc90gDiRsBkJc0plwK6kIUT6PKa5WtW2kfhteUeCVXQbvArH2fH+0Ug==",
      "license": "MIT",
      "peerDependencies": {
        "@capacitor/core": "^6.0.0"
      }
    },
    "node_modules/@capacitor/browser": {
      "version": "6.0.6",
      "resolved": "https://registry.npmjs.org/@capacitor/browser/-/browser-6.0.6.tgz",
      "integrity": "sha512-VHOPkMR+JqKz2mf5YncnnOWvFdVYFTTLnPW+JRcsP1LobXmA0gtchER35PQ7XXqXU16eeacrehX+XF+rC6wmQw==",
      "license": "MIT",
      "peerDependencies": {
        "@capacitor/core": "^6.0.0"
      }
    },
    "node_modules/@capacitor/core": {
      "version": "6.2.1",
      "resolved": "https://registry.npmjs.org/@capacitor/core/-/core-6.2.1.tgz",
      "integrity": "sha512-urZwxa7hVE/BnA18oCFAdizXPse6fCKanQyEqpmz6cBJ2vObwMpyJDG5jBeoSsgocS9+Ax+9vb4ducWJn0y2qQ==",
      "license": "MIT",
      "peer": true,
      "dependencies": {
        "tslib": "^2.1.0"
      }
    },
    "node_modules/@capacitor/device": {
      "version": "6.0.3",
      "resolved": "https://registry.npmjs.org/@capacitor/device/-/device-6.0.3.tgz",
      "integrity": "sha512-AmPtVuWeW31Ui+UMIl5zgCzwMU4fL4hIvYYvbAhXXyKWjxi1nk+CAh9B3k4OYUQLJI5nan0PoJ4GiiJ7x6DT/A==",
      "license": "MIT",
      "peerDependencies": {
        "@capacitor/core": "^6.0.0"
      }
    },
    "node_modules/@capacitor/filesystem": {
      "version": "6.0.4",
      "resolved": "https://registry.npmjs.org/@capacitor/filesystem/-/filesystem-6.0.4.tgz",
      "integrity": "sha512-eFlg/ZrwYA4Y6ClLRRikudVu2XvuZxfX/XC0ky9MgfbC9dyqTnVkkEoWM6vr1xR89YNY4mB0EeVTet1m1Jcumw==",
      "license": "MIT",
      "peerDependencies": {
        "@capacitor/core": "^6.0.0"
      }
    },
    "node_modules/@capacitor/ios": {
      "version": "6.2.1",
      "resolved": "https://registry.npmjs.org/@capacitor/ios/-/ios-6.2.1.tgz",
      "integrity": "sha512-tbMlQdQjxe1wyaBvYVU1yTojKJjgluZQsJkALuJxv/6F8QTw5b6vd7X785O/O7cMpIAZfUWo/vtAHzFkRV+kXw==",
      "license": "MIT",
      "peerDependencies": {
        "@capacitor/core": "^6.2.0"
      }
    },
    "node_modules/@capacitor/network": {
      "version": "6.0.4",
      "resolved": "https://registry.npmjs.org/@capacitor/network/-/network-6.0.4.tgz",
      "integrity": "sha512-ywtlM3wJ3evci0T9zl3aGXGvd96pkiQDeoxrGR3rAqcBpf9DQubMGdFRmHma3frn2Fd/MBDYlgleu+nWDXunAg==",
      "license": "MIT",
      "peerDependencies": {
        "@capacitor/core": "^6.0.0"
      }
    },
    "node_modules/@capacitor/preferences": {
      "version": "6.0.4",
      "resolved": "https://registry.npmjs.org/@capacitor/preferences/-/preferences-6.0.4.tgz",
      "integrity": "sha512-ziauSI1pgdyl+gduvvf8lInvzF3Wdyu/ok+u7NlnhKp8XOj9plJgtnXZWFiR8CiCK5wMvo+gFaNh3zhMyEUwpA==",
      "license": "MIT",
      "peerDependencies": {
        "@capacitor/core": "^6.0.0"
      }
    },
    "node_modules/@capacitor/status-bar": {
      "version": "6.0.3",
      "resolved": "https://registry.npmjs.org/@capacitor/status-bar/-/status-bar-6.0.3.tgz",
      "integrity": "sha512-nFlgSmtx6Zwaw0tEvZgQsWHBeOfWWB/AvEoCApopLT4mHkBVoSrwkLvy2PjZs5wxCbsmqvQczr3XCyTwaDZVQg==",
      "license": "MIT",
      "peerDependencies": {
        "@capacitor/core": "^6.0.0"
      }
    },
    "node_modules/@sentry-internal/browser-utils": {
      "version": "9.46.0",
      "resolved": "https://registry.npmjs.org/@sentry-internal/browser-utils/-/browser-utils-9.46.0.tgz",
      "integrity": "sha512-Q0CeHym9wysku8mYkORXmhtlBE0IrafAI+NiPSqxOBKXGOCWKVCvowHuAF56GwPFic2rSrRnub5fWYv7T1jfEQ==",
      "license": "MIT",
      "dependencies": {
        "@sentry/core": "9.46.0"
      },
      "engines": {
        "node": ">=18"
      }
    },
    "node_modules/@sentry-internal/feedback": {
      "version": "9.46.0",
      "resolved": "https://registry.npmjs.org/@sentry-internal/feedback/-/feedback-9.46.0.tgz",
      "integrity": "sha512-KLRy3OolDkGdPItQ3obtBU2RqDt9+KE8z7r7Gsu7c6A6A89m8ZVlrxee3hPQt6qp0YY0P8WazpedU3DYTtaT8w==",
      "license": "MIT",
      "dependencies": {
        "@sentry/core": "9.46.0"
      },
      "engines": {
        "node": ">=18"
      }
    },
    "node_modules/@sentry-internal/replay": {
      "version": "9.46.0",
      "resolved": "https://registry.npmjs.org/@sentry-internal/replay/-/replay-9.46.0.tgz",
      "integrity": "sha512-+8JUblxSSnN0FXcmOewbN+wIc1dt6/zaSeAvt2xshrfrLooVullcGsuLAiPhY0d/e++Fk06q1SAl9g4V0V13gg==",
      "license": "MIT",
      "dependencies": {
        "@sentry-internal/browser-utils": "9.46.0",
        "@sentry/core": "9.46.0"
      },
      "engines": {
        "node": ">=18"
      }
    },
    "node_modules/@sentry-internal/replay-canvas": {
      "version": "9.46.0",
      "resolved": "https://registry.npmjs.org/@sentry-internal/replay-canvas/-/replay-canvas-9.46.0.tgz",
      "integrity": "sha512-QcBjrdRWFJrrrjbmrr2bbrp2R9RYj1KMEbhHNT2Lm1XplIQw+tULEKOHxNtkUFSLR1RNje7JQbxhzM1j95FxVQ==",
      "license": "MIT",
      "dependencies": {
        "@sentry-internal/replay": "9.46.0",
        "@sentry/core": "9.46.0"
      },
      "engines": {
        "node": ">=18"
      }
    },
    "node_modules/@sentry/browser": {
      "version": "9.46.0",
      "resolved": "https://registry.npmjs.org/@sentry/browser/-/browser-9.46.0.tgz",
      "integrity": "sha512-NOnCTQCM0NFuwbyt4DYWDNO2zOTj1mCf43hJqGDFb1XM9F++7zAmSNnCx4UrEoBTiFOy40McJwBBk9D1blSktA==",
      "license": "MIT",
      "dependencies": {
        "@sentry-internal/browser-utils": "9.46.0",
        "@sentry-internal/feedback": "9.46.0",
        "@sentry-internal/replay": "9.46.0",
        "@sentry-internal/replay-canvas": "9.46.0",
        "@sentry/core": "9.46.0"
      },
      "engines": {
        "node": ">=18"
      }
    },
    "node_modules/@sentry/capacitor": {
      "version": "2.4.1",
      "resolved": "https://registry.npmjs.org/@sentry/capacitor/-/capacitor-2.4.1.tgz",
      "integrity": "sha512-fDpY+QDq9J6zidQKBermuLE6zv+6q4C76pXt6DhtiIZ6jONGfGk10wt5ldyq6vUb9uCunUg/uLK+M6TvjRtrjw==",
      "hasInstallScript": true,
      "license": "MIT",
      "dependencies": {
        "@sentry/browser": "9.46.0",
        "@sentry/core": "9.46.0",
        "@sentry/types": "9.46.0"
      },
      "peerDependencies": {
        "@capacitor/core": ">=3.0.0",
        "@sentry/angular": "9.46.0",
        "@sentry/react": "9.46.0",
        "@sentry/vue": "9.46.0"
      },
      "peerDependenciesMeta": {
        "@sentry/angular": {
          "optional": true
        },
        "@sentry/react": {
          "optional": true
        },
        "@sentry/vue": {
          "optional": true
        }
      }
    },
    "node_modules/@sentry/core": {
      "version": "9.46.0",
      "resolved": "https://registry.npmjs.org/@sentry/core/-/core-9.46.0.tgz",
      "integrity": "sha512-it7JMFqxVproAgEtbLgCVBYtQ9fIb+Bu0JD+cEplTN/Ukpe6GaolyYib5geZqslVxhp2sQgT+58aGvfd/k0N8Q==",
      "license": "MIT",
      "engines": {
        "node": ">=18"
      }
    },
    "node_modules/@sentry/types": {
      "version": "9.46.0",
      "resolved": "https://registry.npmjs.org/@sentry/types/-/types-9.46.0.tgz",
      "integrity": "sha512-YsnZOEC1DfSpNzoT1FyLJh1MAVuKiSMMNTUVguB4NvXVBQSUnaVjv+3/rmwuri2enDyyFfxbXAwG5AiUPV+b3A==",
      "license": "MIT",
      "dependencies": {
        "@sentry/core": "9.46.0"
      },
      "engines": {
        "node": ">=18"
      }
    },
    "node_modules/tslib": {
      "version": "2.8.1",
      "resolved": "https://registry.npmjs.org/tslib/-/tslib-2.8.1.tgz",
      "integrity": "sha512-oJFu94HQb+KVduSUQL7wnpmqnfmLsOA/nAh6b6EH0wCEoK0/mPeXU6c3wKDV83MkOuHPRHtSXKKU99IBazS/2w==",
      "license": "0BSD"
    }
  }
}
